# This file is automatically @generated by Wally.
# It is not intended for manual editing.
registry = "test"

[[package]]
name = "aspecky/sweeper"
version = "2.2.0"
dependencies = []

[[package]]
name = "bongusbingis/bytenet"
version = "0.6.0"
dependencies = []

[[package]]
name = "chojshin/hoverboardspeedescape"
version = "0.1.0"
dependencies = [["ByteNet", "bongusbingis/bytenet@0.6.0"], ["Fusion", "elttob/fusion@0.2.0"], ["Janitor", "aspecky/sweeper@2.2.0"], ["ZonePlus", "mattschrubb/zoneplus@3.2.0"]]

[[package]]
name = "elttob/fusion"
version = "0.2.0"
dependencies = []

[[package]]
name = "lm-loleris/profilestore"
version = "1.0.3"
dependencies = []

[[package]]
name = "mattschrubb/zoneplus"
version = "3.2.0"
dependencies = []
